// !$*UTF8*$!
{
	archiveVersion = 1;
	classes = {
	};
	objectVersion = 52;
	objects = {

/* Begin PBXBuildFile section */
		2925D01227C3EA6E000B37AC /* AppDelegate.swift in Sources */ = {isa = PBXBuildFile; fileRef = 2925D01127C3EA6E000B37AC /* AppDelegate.swift */; };
		2925D01427C3EA6E000B37AC /* MainView.swift in Sources */ = {isa = PBXBuildFile; fileRef = 2925D01327C3EA6E000B37AC /* MainView.swift */; };
		2925D01627C3EA77000B37AC /* Assets.xcassets in Resources */ = {isa = PBXBuildFile; fileRef = 2925D01527C3EA77000B37AC /* Assets.xcassets */; };
		2925D01927C3EA77000B37AC /* Preview Assets.xcassets in Resources */ = {isa = PBXBuildFile; fileRef = 2925D01827C3EA77000B37AC /* Preview Assets.xcassets */; };
		2925D01C27C3EA77000B37AC /* Main.storyboard in Resources */ = {isa = PBXBuildFile; fileRef = 2925D01A27C3EA77000B37AC /* Main.storyboard */; };
		2925D02C27C3EBBB000B37AC /* CloudStorageAgent.swift in Sources */ = {isa = PBXBuildFile; fileRef = 2925D02B27C3EBBB000B37AC /* CloudStorageAgent.swift */; };
		2961890327C6868B0019BE8F /* bricklinktestdata.json in Resources */ = {isa = PBXBuildFile; fileRef = 2961890227C6868B0019BE8F /* bricklinktestdata.json */; };
		299DDBC327C669BB0002A594 /* BrickLinkAPICredentials.swift in Sources */ = {isa = PBXBuildFile; fileRef = 299DDBC227C669BB0002A594 /* BrickLinkAPICredentials.swift */; };
		299DDBC627C669D50002A594 /* BrickLinkAPIAuth.swift in Sources */ = {isa = PBXBuildFile; fileRef = 299DDBC527C669D50002A594 /* BrickLinkAPIAuth.swift */; };
		299DDBCD27C66A7C0002A594 /* CryptoSwift in Frameworks */ = {isa = PBXBuildFile; productRef = 299DDBCC27C66A7C0002A594 /* CryptoSwift */; };
		299DDBD227C66B190002A594 /* BrickLinkAPIClient.swift in Sources */ = {isa = PBXBuildFile; fileRef = 299DDBD127C66B190002A594 /* BrickLinkAPIClient.swift */; };
		299DDBD527C66BF40002A594 /* APIResponse.swift in Sources */ = {isa = PBXBuildFile; fileRef = 299DDBD427C66BF40002A594 /* APIResponse.swift */; };
		299DDBD827C66CA90002A594 /* BrickLinkOrder.swift in Sources */ = {isa = PBXBuildFile; fileRef = 299DDBD727C66CA90002A594 /* BrickLinkOrder.swift */; };
/* End PBXBuildFile section */

/* Begin PBXFileReference section */
		2925D00E27C3EA6E000B37AC /* AlexBrickStore.app */ = {isa = PBXFileReference; explicitFileType = wrapper.application; includeInIndex = 0; path = AlexBrickStore.app; sourceTree = BUILT_PRODUCTS_DIR; };
		2925D01127C3EA6E000B37AC /* AppDelegate.swift */ = {isa = PBXFileReference; lastKnownFileType = sourcecode.swift; path = AppDelegate.swift; sourceTree = "<group>"; };
		2925D01327C3EA6E000B37AC /* MainView.swift */ = {isa = PBXFileReference; lastKnownFileType = sourcecode.swift; path = MainView.swift; sourceTree = "<group>"; };
		2925D01527C3EA77000B37AC /* Assets.xcassets */ = {isa = PBXFileReference; lastKnownFileType = folder.assetcatalog; path = Assets.xcassets; sourceTree = "<group>"; };
		2925D01827C3EA77000B37AC /* Preview Assets.xcassets */ = {isa = PBXFileReference; lastKnownFileType = folder.assetcatalog; path = "Preview Assets.xcassets"; sourceTree = "<group>"; };
		2925D01B27C3EA77000B37AC /* Base */ = {isa = PBXFileReference; lastKnownFileType = file.storyboard; name = Base; path = Base.lproj/Main.storyboard; sourceTree = "<group>"; };
		2925D01D27C3EA77000B37AC /* Info.plist */ = {isa = PBXFileReference; lastKnownFileType = text.plist.xml; path = Info.plist; sourceTree = "<group>"; };
		2925D01E27C3EA77000B37AC /* AlexBrickStore.entitlements */ = {isa = PBXFileReference; lastKnownFileType = text.plist.entitlements; path = AlexBrickStore.entitlements; sourceTree = "<group>"; };
		2925D02B27C3EBBB000B37AC /* CloudStorageAgent.swift */ = {isa = PBXFileReference; lastKnownFileType = sourcecode.swift; path = CloudStorageAgent.swift; sourceTree = "<group>"; };
		2961890227C6868B0019BE8F /* bricklinktestdata.json */ = {isa = PBXFileReference; lastKnownFileType = text.json; name = bricklinktestdata.json; path = AlexBrickStore/bricklinktestdata.json; sourceTree = SOURCE_ROOT; };
		299DDBC227C669BB0002A594 /* BrickLinkAPICredentials.swift */ = {isa = PBXFileReference; fileEncoding = 4; lastKnownFileType = sourcecode.swift; path = BrickLinkAPICredentials.swift; sourceTree = "<group>"; };
		299DDBC527C669D50002A594 /* BrickLinkAPIAuth.swift */ = {isa = PBXFileReference; fileEncoding = 4; lastKnownFileType = sourcecode.swift; path = BrickLinkAPIAuth.swift; sourceTree = "<group>"; };
		299DDBD127C66B190002A594 /* BrickLinkAPIClient.swift */ = {isa = PBXFileReference; fileEncoding = 4; lastKnownFileType = sourcecode.swift; path = BrickLinkAPIClient.swift; sourceTree = "<group>"; };
		299DDBD427C66BF40002A594 /* APIResponse.swift */ = {isa = PBXFileReference; fileEncoding = 4; lastKnownFileType = sourcecode.swift; path = APIResponse.swift; sourceTree = "<group>"; };
		299DDBD727C66CA90002A594 /* BrickLinkOrder.swift */ = {isa = PBXFileReference; fileEncoding = 4; lastKnownFileType = sourcecode.swift; path = BrickLinkOrder.swift; sourceTree = "<group>"; };
/* End PBXFileReference section */

/* Begin PBXFrameworksBuildPhase section */
		2925D00B27C3EA6E000B37AC /* Frameworks */ = {
			isa = PBXFrameworksBuildPhase;
			buildActionMask = 2147483647;
			files = (
				299DDBCD27C66A7C0002A594 /* CryptoSwift in Frameworks */,
			);
			runOnlyForDeploymentPostprocessing = 0;
		};
/* End PBXFrameworksBuildPhase section */

/* Begin PBXGroup section */
		2925D00527C3EA6E000B37AC = {
			isa = PBXGroup;
			children = (
				2925D01027C3EA6E000B37AC /* AlexBrickStore */,
				2925D00F27C3EA6E000B37AC /* Products */,
			);
			sourceTree = "<group>";
		};
		2925D00F27C3EA6E000B37AC /* Products */ = {
			isa = PBXGroup;
			children = (
				2925D00E27C3EA6E000B37AC /* AlexBrickStore.app */,
			);
			name = Products;
			sourceTree = "<group>";
		};
		2925D01027C3EA6E000B37AC /* AlexBrickStore */ = {
			isa = PBXGroup;
			children = (
				2925D01D27C3EA77000B37AC /* Info.plist */,
				2925D01E27C3EA77000B37AC /* AlexBrickStore.entitlements */,
				2925D01527C3EA77000B37AC /* Assets.xcassets */,
				2925D01A27C3EA77000B37AC /* Main.storyboard */,
				2925D01127C3EA6E000B37AC /* AppDelegate.swift */,
				2925D01327C3EA6E000B37AC /* MainView.swift */,
				2961890227C6868B0019BE8F /* bricklinktestdata.json */,
				299DDBBF27C669980002A594 /* BrickLinkAPI */,
				299DA2DF27C62B95003460ED /* CloudStorage */,
				2925D01727C3EA77000B37AC /* Preview Content */,
			);
			path = AlexBrickStore;
			sourceTree = "<group>";
		};
		2925D01727C3EA77000B37AC /* Preview Content */ = {
			isa = PBXGroup;
			children = (
				2925D01827C3EA77000B37AC /* Preview Assets.xcassets */,
			);
			path = "Preview Content";
			sourceTree = "<group>";
		};
		299DA2DF27C62B95003460ED /* CloudStorage */ = {
			isa = PBXGroup;
			children = (
				2925D02B27C3EBBB000B37AC /* CloudStorageAgent.swift */,
			);
			path = CloudStorage;
			sourceTree = "<group>";
		};
		299DDBBF27C669980002A594 /* BrickLinkAPI */ = {
			isa = PBXGroup;
			children = (
				299DDBC227C669BB0002A594 /* BrickLinkAPICredentials.swift */,
				299DDBC527C669D50002A594 /* BrickLinkAPIAuth.swift */,
				299DDBD127C66B190002A594 /* BrickLinkAPIClient.swift */,
				299DDBD427C66BF40002A594 /* APIResponse.swift */,
				299DDBD727C66CA90002A594 /* BrickLinkOrder.swift */,
			);
			path = BrickLinkAPI;
			sourceTree = "<group>";
		};
/* End PBXGroup section */

/* Begin PBXNativeTarget section */
		2925D00D27C3EA6E000B37AC /* AlexBrickStore */ = {
			isa = PBXNativeTarget;
			buildConfigurationList = 2925D02127C3EA77000B37AC /* Build configuration list for PBXNativeTarget "AlexBrickStore" */;
			buildPhases = (
				2925D00A27C3EA6E000B37AC /* Sources */,
				2925D00B27C3EA6E000B37AC /* Frameworks */,
				2925D00C27C3EA6E000B37AC /* Resources */,
			);
			buildRules = (
			);
			dependencies = (
			);
			name = AlexBrickStore;
			packageProductDependencies = (
				299DDBCC27C66A7C0002A594 /* CryptoSwift */,
			);
			productName = AlexBrickStore;
			productReference = 2925D00E27C3EA6E000B37AC /* AlexBrickStore.app */;
			productType = "com.apple.product-type.application";
		};
/* End PBXNativeTarget section */

/* Begin PBXProject section */
		2925D00627C3EA6E000B37AC /* Project object */ = {
			isa = PBXProject;
			attributes = {
				LastSwiftUpdateCheck = 1240;
				LastUpgradeCheck = 1240;
				TargetAttributes = {
					2925D00D27C3EA6E000B37AC = {
						CreatedOnToolsVersion = 12.4;
					};
				};
			};
			buildConfigurationList = 2925D00927C3EA6E000B37AC /* Build configuration list for PBXProject "AlexBrickStore" */;
			compatibilityVersion = "Xcode 9.3";
			developmentRegion = en;
			hasScannedForEncodings = 0;
			knownRegions = (
				en,
				Base,
			);
			mainGroup = 2925D00527C3EA6E000B37AC;
			packageReferences = (
				299DDBCB27C66A7C0002A594 /* XCRemoteSwiftPackageReference "CryptoSwift" */,
			);
			productRefGroup = 2925D00F27C3EA6E000B37AC /* Products */;
			projectDirPath = "";
			projectRoot = "";
			targets = (
				2925D00D27C3EA6E000B37AC /* AlexBrickStore */,
			);
		};
/* End PBXProject section */

/* Begin PBXResourcesBuildPhase section */
		2925D00C27C3EA6E000B37AC /* Resources */ = {
			isa = PBXResourcesBuildPhase;
			buildActionMask = 2147483647;
			files = (
				2925D01C27C3EA77000B37AC /* Main.storyboard in Resources */,
				2961890327C6868B0019BE8F /* bricklinktestdata.json in Resources */,
				2925D01927C3EA77000B37AC /* Preview Assets.xcassets in Resources */,
				2925D01627C3EA77000B37AC /* Assets.xcassets in Resources */,
			);
			runOnlyForDeploymentPostprocessing = 0;
		};
/* End PBXResourcesBuildPhase section */

/* Begin PBXSourcesBuildPhase section */
		2925D00A27C3EA6E000B37AC /* Sources */ = {
			isa = PBXSourcesBuildPhase;
			buildActionMask = 2147483647;
			files = (
				299DDBD527C66BF40002A594 /* APIResponse.swift in Sources */,
				299DDBD227C66B190002A594 /* BrickLinkAPIClient.swift in Sources */,
				299DDBC627C669D50002A594 /* BrickLinkAPIAuth.swift in Sources */,
				2925D01427C3EA6E000B37AC /* MainView.swift in Sources */,
				299DDBD827C66CA90002A594 /* BrickLinkOrder.swift in Sources */,
				2925D01227C3EA6E000B37AC /* AppDelegate.swift in Sources */,
				299DDBC327C669BB0002A594 /* BrickLinkAPICredentials.swift in Sources */,
				2925D02C27C3EBBB000B37AC /* CloudStorageAgent.swift in Sources */,
			);
			runOnlyForDeploymentPostprocessing = 0;
		};
/* End PBXSourcesBuildPhase section */

/* Begin PBXVariantGroup section */
		2925D01A27C3EA77000B37AC /* Main.storyboard */ = {
			isa = PBXVariantGroup;
			children = (
				2925D01B27C3EA77000B37AC /* Base */,
			);
			name = Main.storyboard;
			sourceTree = "<group>";
		};
/* End PBXVariantGroup section */

/* Begin XCBuildConfiguration section */
		2925D01F27C3EA77000B37AC /* Debug */ = {
			isa = XCBuildConfiguration;
			buildSettings = {
				ALWAYS_SEARCH_USER_PATHS = NO;
				CLANG_ANALYZER_NONNULL = YES;
				CLANG_ANALYZER_NUMBER_OBJECT_CONVERSION = YES_AGGRESSIVE;
				CLANG_CXX_LANGUAGE_STANDARD = "gnu++14";
				CLANG_CXX_LIBRARY = "libc++";
				CLANG_ENABLE_MODULES = YES;
				CLANG_ENABLE_OBJC_ARC = YES;
				CLANG_ENABLE_OBJC_WEAK = YES;
				CLANG_WARN_BLOCK_CAPTURE_AUTORELEASING = YES;
				CLANG_WARN_BOOL_CONVERSION = YES;
				CLANG_WARN_COMMA = YES;
				CLANG_WARN_CONSTANT_CONVERSION = YES;
				CLANG_WARN_DEPRECATED_OBJC_IMPLEMENTATIONS = YES;
				CLANG_WARN_DIRECT_OBJC_ISA_USAGE = YES_ERROR;
				CLANG_WARN_DOCUMENTATION_COMMENTS = YES;
				CLANG_WARN_EMPTY_BODY = YES;
				CLANG_WARN_ENUM_CONVERSION = YES;
				CLANG_WARN_INFINITE_RECURSION = YES;
				CLANG_WARN_INT_CONVERSION = YES;
				CLANG_WARN_NON_LITERAL_NULL_CONVERSION = YES;
				CLANG_WARN_OBJC_IMPLICIT_RETAIN_SELF = YES;
				CLANG_WARN_OBJC_LITERAL_CONVERSION = YES;
				CLANG_WARN_OBJC_ROOT_CLASS = YES_ERROR;
				CLANG_WARN_QUOTED_INCLUDE_IN_FRAMEWORK_HEADER = YES;
				CLANG_WARN_RANGE_LOOP_ANALYSIS = YES;
				CLANG_WARN_STRICT_PROTOTYPES = YES;
				CLANG_WARN_SUSPICIOUS_MOVE = YES;
				CLANG_WARN_UNGUARDED_AVAILABILITY = YES_AGGRESSIVE;
				CLANG_WARN_UNREACHABLE_CODE = YES;
				CLANG_WARN__DUPLICATE_METHOD_MATCH = YES;
				COPY_PHASE_STRIP = NO;
				DEBUG_INFORMATION_FORMAT = dwarf;
				ENABLE_STRICT_OBJC_MSGSEND = YES;
				ENABLE_TESTABILITY = YES;
				GCC_C_LANGUAGE_STANDARD = gnu11;
				GCC_DYNAMIC_NO_PIC = NO;
				GCC_NO_COMMON_BLOCKS = YES;
				GCC_OPTIMIZATION_LEVEL = 0;
				GCC_PREPROCESSOR_DEFINITIONS = (
					"DEBUG=1",
					"$(inherited)",
				);
				GCC_WARN_64_TO_32_BIT_CONVERSION = YES;
				GCC_WARN_ABOUT_RETURN_TYPE = YES_ERROR;
				GCC_WARN_UNDECLARED_SELECTOR = YES;
				GCC_WARN_UNINITIALIZED_AUTOS = YES_AGGRESSIVE;
				GCC_WARN_UNUSED_FUNCTION = YES;
				GCC_WARN_UNUSED_VARIABLE = YES;
				MACOSX_DEPLOYMENT_TARGET = 10.15;
				MTL_ENABLE_DEBUG_INFO = INCLUDE_SOURCE;
				MTL_FAST_MATH = YES;
				ONLY_ACTIVE_ARCH = YES;
				SDKROOT = macosx;
				SWIFT_ACTIVE_COMPILATION_CONDITIONS = DEBUG;
				SWIFT_OPTIMIZATION_LEVEL = "-Onone";
			};
			name = Debug;
		};
		2925D02027C3EA77000B37AC /* Release */ = {
			isa = XCBuildConfiguration;
			buildSettings = {
				ALWAYS_SEARCH_USER_PATHS = NO;
				CLANG_ANALYZER_NONNULL = YES;
				CLANG_ANALYZER_NUMBER_OBJECT_CONVERSION = YES_AGGRESSIVE;
				CLANG_CXX_LANGUAGE_STANDARD = "gnu++14";
				CLANG_CXX_LIBRARY = "libc++";
				CLANG_ENABLE_MODULES = YES;
				CLANG_ENABLE_OBJC_ARC = YES;
				CLANG_ENABLE_OBJC_WEAK = YES;
				CLANG_WARN_BLOCK_CAPTURE_AUTORELEASING = YES;
				CLANG_WARN_BOOL_CONVERSION = YES;
				CLANG_WARN_COMMA = YES;
				CLANG_WARN_CONSTANT_CONVERSION = YES;
				CLANG_WARN_DEPRECATED_OBJC_IMPLEMENTATIONS = YES;
				CLANG_WARN_DIRECT_OBJC_ISA_USAGE = YES_ERROR;
				CLANG_WARN_DOCUMENTATION_COMMENTS = YES;
				CLANG_WARN_EMPTY_BODY = YES;
				CLANG_WARN_ENUM_CONVERSION = YES;
				CLANG_WARN_INFINITE_RECURSION = YES;
				CLANG_WARN_INT_CONVERSION = YES;
				CLANG_WARN_NON_LITERAL_NULL_CONVERSION = YES;
				CLANG_WARN_OBJC_IMPLICIT_RETAIN_SELF = YES;
				CLANG_WARN_OBJC_LITERAL_CONVERSION = YES;
				CLANG_WARN_OBJC_ROOT_CLASS = YES_ERROR;
				CLANG_WARN_QUOTED_INCLUDE_IN_FRAMEWORK_HEADER = YES;
				CLANG_WARN_RANGE_LOOP_ANALYSIS = YES;
				CLANG_WARN_STRICT_PROTOTYPES = YES;
				CLANG_WARN_SUSPICIOUS_MOVE = YES;
				CLANG_WARN_UNGUARDED_AVAILABILITY = YES_AGGRESSIVE;
				CLANG_WARN_UNREACHABLE_CODE = YES;
				CLANG_WARN__DUPLICATE_METHOD_MATCH = YES;
				COPY_PHASE_STRIP = NO;
				DEBUG_INFORMATION_FORMAT = "dwarf-with-dsym";
				ENABLE_NS_ASSERTIONS = NO;
				ENABLE_STRICT_OBJC_MSGSEND = YES;
				GCC_C_LANGUAGE_STANDARD = gnu11;
				GCC_NO_COMMON_BLOCKS = YES;
				GCC_WARN_64_TO_32_BIT_CONVERSION = YES;
				GCC_WARN_ABOUT_RETURN_TYPE = YES_ERROR;
				GCC_WARN_UNDECLARED_SELECTOR = YES;
				GCC_WARN_UNINITIALIZED_AUTOS = YES_AGGRESSIVE;
				GCC_WARN_UNUSED_FUNCTION = YES;
				GCC_WARN_UNUSED_VARIABLE = YES;
				MACOSX_DEPLOYMENT_TARGET = 10.15;
				MTL_ENABLE_DEBUG_INFO = NO;
				MTL_FAST_MATH = YES;
				SDKROOT = macosx;
				SWIFT_COMPILATION_MODE = wholemodule;
				SWIFT_OPTIMIZATION_LEVEL = "-O";
			};
			name = Release;
		};
		2925D02227C3EA77000B37AC /* Debug */ = {
			isa = XCBuildConfiguration;
			buildSettings = {
				ASSETCATALOG_COMPILER_APPICON_NAME = AppIcon;
				ASSETCATALOG_COMPILER_GLOBAL_ACCENT_COLOR_NAME = AccentColor;
				CODE_SIGN_ENTITLEMENTS = AlexBrickStore/AlexBrickStore.entitlements;
				CODE_SIGN_STYLE = Automatic;
				COMBINE_HIDPI_IMAGES = YES;
				DEVELOPMENT_ASSET_PATHS = "\"AlexBrickStore/Preview Content\"";
				ENABLE_PREVIEWS = YES;
				INFOPLIST_FILE = AlexBrickStore/Info.plist;
				LD_RUNPATH_SEARCH_PATHS = (
					"$(inherited)",
					"@executable_path/../Frameworks",
				);
				MACOSX_DEPLOYMENT_TARGET = 10.15;
				PRODUCT_BUNDLE_IDENTIFIER = io.bintz.AlexBrickStore;
				PRODUCT_NAME = "$(TARGET_NAME)";
				SWIFT_VERSION = 5.0;
			};
			name = Debug;
		};
		2925D02327C3EA77000B37AC /* Release */ = {
			isa = XCBuildConfiguration;
			buildSettings = {
				ASSETCATALOG_COMPILER_APPICON_NAME = AppIcon;
				ASSETCATALOG_COMPILER_GLOBAL_ACCENT_COLOR_NAME = AccentColor;
				CODE_SIGN_ENTITLEMENTS = AlexBrickStore/AlexBrickStore.entitlements;
				CODE_SIGN_STYLE = Automatic;
				COMBINE_HIDPI_IMAGES = YES;
				DEVELOPMENT_ASSET_PATHS = "\"AlexBrickStore/Preview Content\"";
				ENABLE_PREVIEWS = YES;
				INFOPLIST_FILE = AlexBrickStore/Info.plist;
				LD_RUNPATH_SEARCH_PATHS = (
					"$(inherited)",
					"@executable_path/../Frameworks",
				);
				MACOSX_DEPLOYMENT_TARGET = 10.15;
				PRODUCT_BUNDLE_IDENTIFIER = io.bintz.AlexBrickStore;
				PRODUCT_NAME = "$(TARGET_NAME)";
				SWIFT_VERSION = 5.0;
			};
			name = Release;
		};
/* End XCBuildConfiguration section */

/* Begin XCConfigurationList section */
		2925D00927C3EA6E000B37AC /* Build configuration list for PBXProject "AlexBrickStore" */ = {
			isa = XCConfigurationList;
			buildConfigurations = (
				2925D01F27C3EA77000B37AC /* Debug */,
				2925D02027C3EA77000B37AC /* Release */,
			);
			defaultConfigurationIsVisible = 0;
			defaultConfigurationName = Release;
		};
		2925D02127C3EA77000B37AC /* Build configuration list for PBXNativeTarget "AlexBrickStore" */ = {
			isa = XCConfigurationList;
			buildConfigurations = (
				2925D02227C3EA77000B37AC /* Debug */,
				2925D02327C3EA77000B37AC /* Release */,
			);
			defaultConfigurationIsVisible = 0;
			defaultConfigurationName = Release;
		};
/* End XCConfigurationList section */

/* Begin XCRemoteSwiftPackageReference section */
		299DDBCB27C66A7C0002A594 /* XCRemoteSwiftPackageReference "CryptoSwift" */ = {
			isa = XCRemoteSwiftPackageReference;
			repositoryURL = "https://github.com/krzyzanowskim/CryptoSwift";
			requirement = {
				kind = upToNextMajorVersion;
				minimumVersion = 1.4.3;
			};
		};
/* End XCRemoteSwiftPackageReference section */

/* Begin XCSwiftPackageProductDependency section */
		299DDBCC27C66A7C0002A594 /* CryptoSwift */ = {
			isa = XCSwiftPackageProductDependency;
			package = 299DDBCB27C66A7C0002A594 /* XCRemoteSwiftPackageReference "CryptoSwift" */;
			productName = CryptoSwift;
		};
/* End XCSwiftPackageProductDependency section */
	};
	rootObject = 2925D00627C3EA6E000B37AC /* Project object */;
}
